
Microsoft Visual Studio Solution File, Format Version 12.00
# Visual Studio Version 17
VisualStudioVersion = 17.11.35222.181
MinimumVisualStudioVersion = 10.0.40219.1
Project("{FAE04EC0-301F-11D3-BF4B-00C04F79EFBC}") = "Uppgift22", "Uppgift22\Uppgift22.csproj", "{7DCB124F-DB3F-4C11-9118-DDDF5433669E}"
EndProject
Global
	GlobalSection(SolutionConfigurationPlatforms) = preSolution
		Debug|Any CPU = Debug|Any CPU
		Release|Any CPU = Release|Any CPU
	EndGlobalSection
	GlobalSection(ProjectConfigurationPlatforms) = postSolution
		{7DCB124F-DB3F-4C11-9118-DDDF5433669E}.Debug|Any CPU.ActiveCfg = Debug|Any CPU
		{7DCB124F-DB3F-4C11-9118-DDDF5433669E}.Debug|Any CPU.Build.0 = Debug|Any CPU
		{7DCB124F-DB3F-4C11-9118-DDDF5433669E}.Release|Any CPU.ActiveCfg = Release|Any CPU
		{7DCB124F-DB3F-4C11-9118-DDDF5433669E}.Release|Any CPU.Build.0 = Release|Any CPU
	EndGlobalSection
	GlobalSection(SolutionProperties) = preSolution
		HideSolutionNode = FALSE
	EndGlobalSection
	GlobalSection(ExtensibilityGlobals) = postSolution
		SolutionGuid = {D1AB47A1-6684-44EC-9438-B2AF494BAD18}
	EndGlobalSection
EndGlobal
